<?xml version="1.0" encoding="utf-8"?>
<Project ToolsVersion="4.0" xmlns="http://schemas.microsoft.com/developer/msbuild/2003">
  <ItemGroup>
    <Filter Include="win32">
      <UniqueIdentifier>{84a8ebd7-7cf0-47f6-b75e-d441df67da40}</UniqueIdentifier>
    </Filter>
    <Filter Include="Classes">
      <UniqueIdentifier>{bb6c862e-70e9-49d9-81b7-3829a6f50471}</UniqueIdentifier>
    </Filter>
    <Filter Include="resource">
      <UniqueIdentifier>{715254bc-d70b-4ec5-bf29-467dd3ace079}</UniqueIdentifier>
    </Filter>
    <Filter Include="Classes\layer">
      <UniqueIdentifier>{94cdd7d4-6d9a-4049-84ee-d164566867b0}</UniqueIdentifier>
    </Filter>
    <Filter Include="Classes\display">
      <UniqueIdentifier>{90a634d2-2528-468e-8360-8ef222cde6c5}</UniqueIdentifier>
    </Filter>
    <Filter Include="Classes\control">
      <UniqueIdentifier>{063c4835-87ed-43d3-a4e6-2a40ab36e761}</UniqueIdentifier>
    </Filter>
    <Filter Include="Classes\utils">
      <UniqueIdentifier>{9066877d-8f19-427d-be7b-1663b161e1c5}</UniqueIdentifier>
    </Filter>
  </ItemGroup>
  <ItemGroup>
    <ClCompile Include="main.cpp">
      <Filter>win32</Filter>
    </ClCompile>
    <ClCompile Include="..\Classes\AppDelegate.cpp">
      <Filter>Classes</Filter>
    </ClCompile>
    <ClCompile Include="..\Classes\display\BuildingDisplay.cpp">
      <Filter>Classes\display</Filter>
    </ClCompile>
    <ClCompile Include="..\Classes\control\MainController.cpp">
      <Filter>Classes\control</Filter>
    </ClCompile>
    <ClCompile Include="..\Classes\layer\FarmLayer.cpp">
      <Filter>Classes\layer</Filter>
    </ClCompile>
    <ClCompile Include="..\Classes\utils\FarmCoordinate.cpp">
      <Filter>Classes\utils</Filter>
    </ClCompile>
    <ClCompile Include="..\Classes\utils\GameDebug.cpp">
      <Filter>Classes\utils</Filter>
    </ClCompile>
    <ClCompile Include="..\Classes\VisibleRect.cpp">
      <Filter>Classes</Filter>
    </ClCompile>
  </ItemGroup>
  <ItemGroup>
    <ClInclude Include="main.h">
      <Filter>win32</Filter>
    </ClInclude>
    <ClInclude Include="..\Classes\AppDelegate.h">
      <Filter>Classes</Filter>
    </ClInclude>
    <ClInclude Include="..\Classes\display\BuildingDisplay.h">
      <Filter>Classes\display</Filter>
    </ClInclude>
    <ClInclude Include="..\Classes\control\MainController.h">
      <Filter>Classes\control</Filter>
    </ClInclude>
    <ClInclude Include="..\Classes\layer\FarmLayer.h">
      <Filter>Classes\layer</Filter>
    </ClInclude>
    <ClInclude Include="..\Classes\utils\FarmCoordinate.h">
      <Filter>Classes\utils</Filter>
    </ClInclude>
    <ClInclude Include="..\Classes\utils\GameDebug.h">
      <Filter>Classes\utils</Filter>
    </ClInclude>
    <ClInclude Include="..\Classes\VisibleRect.h">
      <Filter>Classes</Filter>
    </ClInclude>
  </ItemGroup>
  <ItemGroup>
    <ResourceCompile Include="game.rc">
      <Filter>resource</Filter>
    </ResourceCompile>
  </ItemGroup>
</Project>